
Microsoft Visual Studio Solution File, Format Version 12.00
# Visual Studio Version 16
VisualStudioVersion = 16.0.31129.286
MinimumVisualStudioVersion = 10.0.40219.1
Project("{9A19103F-16F7-4668-BE54-9A1E7A4F7556}") = "Entities", "Entities\Entities.csproj", "{8184FA8C-F8F9-4E70-B339-3CD69E6A10A9}"
EndProject
Project("{9A19103F-16F7-4668-BE54-9A1E7A4F7556}") = "DataAccess", "DataAccess\DataAccess.csproj", "{3FA6C363-C72A-46AC-9919-7C96B66353C7}"
EndProject
Project("{9A19103F-16F7-4668-BE54-9A1E7A4F7556}") = "Business", "Business\Business.csproj", "{B9B38F14-2A0F-436B-A4CB-BB9F1D9D72A2}"
EndProject
Project("{9A19103F-16F7-4668-BE54-9A1E7A4F7556}") = "ConsoleUI", "ConsoleUI\ConsoleUI.csproj", "{6AE263A0-1D7B-46B4-AAA3-927157A65C09}"
EndProject
Project("{FAE04EC0-301F-11D3-BF4B-00C04F79EFBC}") = "Core", "Core\Core.csproj", "{25552485-263A-4360-BCAE-E46C6256D41D}"
EndProject
Global
	GlobalSection(SolutionConfigurationPlatforms) = preSolution
		Debug|Any CPU = Debug|Any CPU
		Release|Any CPU = Release|Any CPU
	EndGlobalSection
	GlobalSection(ProjectConfigurationPlatforms) = postSolution
		{8184FA8C-F8F9-4E70-B339-3CD69E6A10A9}.Debug|Any CPU.ActiveCfg = Debug|Any CPU
		{8184FA8C-F8F9-4E70-B339-3CD69E6A10A9}.Debug|Any CPU.Build.0 = Debug|Any CPU
		{8184FA8C-F8F9-4E70-B339-3CD69E6A10A9}.Release|Any CPU.ActiveCfg = Release|Any CPU
		{8184FA8C-F8F9-4E70-B339-3CD69E6A10A9}.Release|Any CPU.Build.0 = Release|Any CPU
		{3FA6C363-C72A-46AC-9919-7C96B66353C7}.Debug|Any CPU.ActiveCfg = Debug|Any CPU
		{3FA6C363-C72A-46AC-9919-7C96B66353C7}.Debug|Any CPU.Build.0 = Debug|Any CPU
		{3FA6C363-C72A-46AC-9919-7C96B66353C7}.Release|Any CPU.ActiveCfg = Release|Any CPU
		{3FA6C363-C72A-46AC-9919-7C96B66353C7}.Release|Any CPU.Build.0 = Release|Any CPU
		{B9B38F14-2A0F-436B-A4CB-BB9F1D9D72A2}.Debug|Any CPU.ActiveCfg = Debug|Any CPU
		{B9B38F14-2A0F-436B-A4CB-BB9F1D9D72A2}.Debug|Any CPU.Build.0 = Debug|Any CPU
		{B9B38F14-2A0F-436B-A4CB-BB9F1D9D72A2}.Release|Any CPU.ActiveCfg = Release|Any CPU
		{B9B38F14-2A0F-436B-A4CB-BB9F1D9D72A2}.Release|Any CPU.Build.0 = Release|Any CPU
		{6AE263A0-1D7B-46B4-AAA3-927157A65C09}.Debug|Any CPU.ActiveCfg = Debug|Any CPU
		{6AE263A0-1D7B-46B4-AAA3-927157A65C09}.Debug|Any CPU.Build.0 = Debug|Any CPU
		{6AE263A0-1D7B-46B4-AAA3-927157A65C09}.Release|Any CPU.ActiveCfg = Release|Any CPU
		{6AE263A0-1D7B-46B4-AAA3-927157A65C09}.Release|Any CPU.Build.0 = Release|Any CPU
		{25552485-263A-4360-BCAE-E46C6256D41D}.Debug|Any CPU.ActiveCfg = Debug|Any CPU
		{25552485-263A-4360-BCAE-E46C6256D41D}.Debug|Any CPU.Build.0 = Debug|Any CPU
		{25552485-263A-4360-BCAE-E46C6256D41D}.Release|Any CPU.ActiveCfg = Release|Any CPU
		{25552485-263A-4360-BCAE-E46C6256D41D}.Release|Any CPU.Build.0 = Release|Any CPU
	EndGlobalSection
	GlobalSection(SolutionProperties) = preSolution
		HideSolutionNode = FALSE
	EndGlobalSection
	GlobalSection(ExtensibilityGlobals) = postSolution
		SolutionGuid = {7810B0F5-C36F-40BE-BA76-189029131305}
	EndGlobalSection
EndGlobal
